// !$*UTF8*$!
{
	archiveVersion = 1;
	classes = {
	};
	objectVersion = 46;
	objects = {

/* Begin PBXBuildFile section */
		80073EFB16E94EEA007518B0 /* json2bon.c in Sources */ = {isa = PBXBuildFile; fileRef = 80073EFA16E94EEA007518B0 /* json2bon.c */; };
		8096DDCA171185F400F0BFCA /* read.c in Sources */ = {isa = PBXBuildFile; fileRef = 8096DDC6171185F400F0BFCA /* read.c */; };
		8096DDCB171185F400F0BFCA /* read.c in Sources */ = {isa = PBXBuildFile; fileRef = 8096DDC6171185F400F0BFCA /* read.c */; };
		8096DDCC171185F400F0BFCA /* read.c in Sources */ = {isa = PBXBuildFile; fileRef = 8096DDC6171185F400F0BFCA /* read.c */; };
		8096DDCE171185F400F0BFCA /* type.c in Sources */ = {isa = PBXBuildFile; fileRef = 8096DDC7171185F400F0BFCA /* type.c */; };
		8096DDCF171185F400F0BFCA /* type.c in Sources */ = {isa = PBXBuildFile; fileRef = 8096DDC7171185F400F0BFCA /* type.c */; };
		8096DDD0171185F400F0BFCA /* type.c in Sources */ = {isa = PBXBuildFile; fileRef = 8096DDC7171185F400F0BFCA /* type.c */; };
		8096DDD2171185F400F0BFCA /* write.c in Sources */ = {isa = PBXBuildFile; fileRef = 8096DDC8171185F400F0BFCA /* write.c */; };
		8096DDD3171185F400F0BFCA /* write.c in Sources */ = {isa = PBXBuildFile; fileRef = 8096DDC8171185F400F0BFCA /* write.c */; };
		8096DDD4171185F400F0BFCA /* write.c in Sources */ = {isa = PBXBuildFile; fileRef = 8096DDC8171185F400F0BFCA /* write.c */; };
		809FA66616BFE33D00A465A0 /* json2bon.1 in CopyFiles */ = {isa = PBXBuildFile; fileRef = 809FA66516BFE33D00A465A0 /* json2bon.1 */; };
		809FA68116BFE5B800A465A0 /* dump.c in Sources */ = {isa = PBXBuildFile; fileRef = 809FA67016BFE5B800A465A0 /* dump.c */; };
		809FA68316BFE5B800A465A0 /* error.c in Sources */ = {isa = PBXBuildFile; fileRef = 809FA67116BFE5B800A465A0 /* error.c */; };
		809FA68516BFE5B800A465A0 /* hashtable.c in Sources */ = {isa = PBXBuildFile; fileRef = 809FA67216BFE5B800A465A0 /* hashtable.c */; };
		809FA68716BFE5B800A465A0 /* load.c in Sources */ = {isa = PBXBuildFile; fileRef = 809FA67716BFE5B800A465A0 /* load.c */; };
		809FA68916BFE5B800A465A0 /* memory.c in Sources */ = {isa = PBXBuildFile; fileRef = 809FA67816BFE5B800A465A0 /* memory.c */; };
		809FA68B16BFE5B800A465A0 /* pack_unpack.c in Sources */ = {isa = PBXBuildFile; fileRef = 809FA67916BFE5B800A465A0 /* pack_unpack.c */; };
		809FA68D16BFE5B800A465A0 /* strbuffer.c in Sources */ = {isa = PBXBuildFile; fileRef = 809FA67A16BFE5B800A465A0 /* strbuffer.c */; };
		809FA68F16BFE5B800A465A0 /* strconv.c in Sources */ = {isa = PBXBuildFile; fileRef = 809FA67C16BFE5B800A465A0 /* strconv.c */; };
		809FA69116BFE5B800A465A0 /* utf.c in Sources */ = {isa = PBXBuildFile; fileRef = 809FA67D16BFE5B800A465A0 /* utf.c */; };
		809FA69316BFE5B800A465A0 /* value.c in Sources */ = {isa = PBXBuildFile; fileRef = 809FA67F16BFE5B800A465A0 /* value.c */; };
		809FA69516BFEB4F00A465A0 /* bon.c in Sources */ = {isa = PBXBuildFile; fileRef = 806742A816BB7C8A0029D4E1 /* bon.c */; };
		809FA69D16BFED7A00A465A0 /* bon2json.c in Sources */ = {isa = PBXBuildFile; fileRef = 809FA69C16BFED7A00A465A0 /* bon2json.c */; };
		809FA69F16BFED7A00A465A0 /* bon2json.1 in CopyFiles */ = {isa = PBXBuildFile; fileRef = 809FA69E16BFED7A00A465A0 /* bon2json.1 */; };
		809FA6A316BFF82500A465A0 /* dump.c in Sources */ = {isa = PBXBuildFile; fileRef = 809FA67016BFE5B800A465A0 /* dump.c */; };
		809FA6A416BFF82500A465A0 /* error.c in Sources */ = {isa = PBXBuildFile; fileRef = 809FA67116BFE5B800A465A0 /* error.c */; };
		809FA6A516BFF82500A465A0 /* hashtable.c in Sources */ = {isa = PBXBuildFile; fileRef = 809FA67216BFE5B800A465A0 /* hashtable.c */; };
		809FA6A616BFF82500A465A0 /* load.c in Sources */ = {isa = PBXBuildFile; fileRef = 809FA67716BFE5B800A465A0 /* load.c */; };
		809FA6A716BFF82500A465A0 /* memory.c in Sources */ = {isa = PBXBuildFile; fileRef = 809FA67816BFE5B800A465A0 /* memory.c */; };
		809FA6A816BFF82500A465A0 /* pack_unpack.c in Sources */ = {isa = PBXBuildFile; fileRef = 809FA67916BFE5B800A465A0 /* pack_unpack.c */; };
		809FA6A916BFF82500A465A0 /* strbuffer.c in Sources */ = {isa = PBXBuildFile; fileRef = 809FA67A16BFE5B800A465A0 /* strbuffer.c */; };
		809FA6AA16BFF82500A465A0 /* strconv.c in Sources */ = {isa = PBXBuildFile; fileRef = 809FA67C16BFE5B800A465A0 /* strconv.c */; };
		809FA6AB16BFF82500A465A0 /* utf.c in Sources */ = {isa = PBXBuildFile; fileRef = 809FA67D16BFE5B800A465A0 /* utf.c */; };
		809FA6AC16BFF82500A465A0 /* value.c in Sources */ = {isa = PBXBuildFile; fileRef = 809FA67F16BFE5B800A465A0 /* value.c */; };
		809FA6AD16BFF82900A465A0 /* bon.c in Sources */ = {isa = PBXBuildFile; fileRef = 806742A816BB7C8A0029D4E1 /* bon.c */; };
		80D9FC9A170ED401005DBF0D /* test.cpp in Sources */ = {isa = PBXBuildFile; fileRef = 80D9FC99170ED401005DBF0D /* test.cpp */; };
		80D9FC9C170ED401005DBF0D /* test.1 in CopyFiles */ = {isa = PBXBuildFile; fileRef = 80D9FC9B170ED401005DBF0D /* test.1 */; };
		80D9FCA1170ED914005DBF0D /* bon.c in Sources */ = {isa = PBXBuildFile; fileRef = 806742A816BB7C8A0029D4E1 /* bon.c */; };
		80F09127171207840000DE29 /* crc32.c in Sources */ = {isa = PBXBuildFile; fileRef = 80F09125171207840000DE29 /* crc32.c */; };
		80F09128171207840000DE29 /* crc32.c in Sources */ = {isa = PBXBuildFile; fileRef = 80F09125171207840000DE29 /* crc32.c */; };
		80F09129171207840000DE29 /* crc32.c in Sources */ = {isa = PBXBuildFile; fileRef = 80F09125171207840000DE29 /* crc32.c */; };
		80F091431712DE320000DE29 /* util.c in Sources */ = {isa = PBXBuildFile; fileRef = 80F091421712DE320000DE29 /* util.c */; };
		80F091451712DE320000DE29 /* util.1 in CopyFiles */ = {isa = PBXBuildFile; fileRef = 80F091441712DE320000DE29 /* util.1 */; };
		80F091491712DE780000DE29 /* bon.c in Sources */ = {isa = PBXBuildFile; fileRef = 806742A816BB7C8A0029D4E1 /* bon.c */; };
		80F0914A1712DE7A0000DE29 /* read.c in Sources */ = {isa = PBXBuildFile; fileRef = 8096DDC6171185F400F0BFCA /* read.c */; };
		80F0914B1712DE7C0000DE29 /* type.c in Sources */ = {isa = PBXBuildFile; fileRef = 8096DDC7171185F400F0BFCA /* type.c */; };
		80F0914C1712DE7E0000DE29 /* write.c in Sources */ = {isa = PBXBuildFile; fileRef = 8096DDC8171185F400F0BFCA /* write.c */; };
		80F0914D1712DE800000DE29 /* crc32.c in Sources */ = {isa = PBXBuildFile; fileRef = 80F09125171207840000DE29 /* crc32.c */; };
		80F091561712DFD30000DE29 /* bon.c in Sources */ = {isa = PBXBuildFile; fileRef = 806742A816BB7C8A0029D4E1 /* bon.c */; };
		80F091571712DFD30000DE29 /* read.c in Sources */ = {isa = PBXBuildFile; fileRef = 8096DDC6171185F400F0BFCA /* read.c */; };
		80F091581712DFD30000DE29 /* type.c in Sources */ = {isa = PBXBuildFile; fileRef = 8096DDC7171185F400F0BFCA /* type.c */; };
		80F091591712DFD30000DE29 /* write.c in Sources */ = {isa = PBXBuildFile; fileRef = 8096DDC8171185F400F0BFCA /* write.c */; };
		80F0915A1712DFD30000DE29 /* crc32.c in Sources */ = {isa = PBXBuildFile; fileRef = 80F09125171207840000DE29 /* crc32.c */; };
/* End PBXBuildFile section */

/* Begin PBXCopyFilesBuildPhase section */
		809FA65F16BFE33D00A465A0 /* CopyFiles */ = {
			isa = PBXCopyFilesBuildPhase;
			buildActionMask = 2147483647;
			dstPath = /usr/share/man/man1/;
			dstSubfolderSpec = 0;
			files = (
				809FA66616BFE33D00A465A0 /* json2bon.1 in CopyFiles */,
			);
			runOnlyForDeploymentPostprocessing = 1;
		};
		809FA69816BFED7A00A465A0 /* CopyFiles */ = {
			isa = PBXCopyFilesBuildPhase;
			buildActionMask = 2147483647;
			dstPath = /usr/share/man/man1/;
			dstSubfolderSpec = 0;
			files = (
				809FA69F16BFED7A00A465A0 /* bon2json.1 in CopyFiles */,
			);
			runOnlyForDeploymentPostprocessing = 1;
		};
		80D9FC95170ED401005DBF0D /* CopyFiles */ = {
			isa = PBXCopyFilesBuildPhase;
			buildActionMask = 2147483647;
			dstPath = /usr/share/man/man1/;
			dstSubfolderSpec = 0;
			files = (
				80D9FC9C170ED401005DBF0D /* test.1 in CopyFiles */,
			);
			runOnlyForDeploymentPostprocessing = 1;
		};
		80F0913E1712DE320000DE29 /* CopyFiles */ = {
			isa = PBXCopyFilesBuildPhase;
			buildActionMask = 2147483647;
			dstPath = /usr/share/man/man1/;
			dstSubfolderSpec = 0;
			files = (
				80F091451712DE320000DE29 /* util.1 in CopyFiles */,
			);
			runOnlyForDeploymentPostprocessing = 1;
		};
/* End PBXCopyFilesBuildPhase section */

/* Begin PBXFileReference section */
		80073EFA16E94EEA007518B0 /* json2bon.c */ = {isa = PBXFileReference; fileEncoding = 4; lastKnownFileType = sourcecode.c.c; lineEnding = 0; name = json2bon.c; path = ../../bon/json2bon/json2bon.c; sourceTree = "<group>"; xcLanguageSpecificationIdentifier = xcode.lang.c; };
		806742A016BB36970029D4E1 /* BON.1 */ = {isa = PBXFileReference; lastKnownFileType = text.man; path = BON.1; sourceTree = "<group>"; };
		806742A716BB36A70029D4E1 /* bon.h */ = {isa = PBXFileReference; lastKnownFileType = sourcecode.c.h; lineEnding = 0; path = bon.h; sourceTree = "<group>"; };
		806742A816BB7C8A0029D4E1 /* bon.c */ = {isa = PBXFileReference; fileEncoding = 4; lastKnownFileType = sourcecode.c.c; lineEnding = 0; path = bon.c; sourceTree = "<group>"; xcLanguageSpecificationIdentifier = xcode.lang.c; };
		8096DDC6171185F400F0BFCA /* read.c */ = {isa = PBXFileReference; fileEncoding = 4; lastKnownFileType = sourcecode.c.c; path = read.c; sourceTree = "<group>"; };
		8096DDC7171185F400F0BFCA /* type.c */ = {isa = PBXFileReference; fileEncoding = 4; lastKnownFileType = sourcecode.c.c; path = type.c; sourceTree = "<group>"; };
		8096DDC8171185F400F0BFCA /* write.c */ = {isa = PBXFileReference; fileEncoding = 4; lastKnownFileType = sourcecode.c.c; path = write.c; sourceTree = "<group>"; };
		809FA66116BFE33D00A465A0 /* json2bon */ = {isa = PBXFileReference; explicitFileType = "compiled.mach-o.executable"; includeInIndex = 0; path = json2bon; sourceTree = BUILT_PRODUCTS_DIR; };
		809FA66516BFE33D00A465A0 /* json2bon.1 */ = {isa = PBXFileReference; lastKnownFileType = text.man; path = json2bon.1; sourceTree = "<group>"; };
		809FA67016BFE5B800A465A0 /* dump.c */ = {isa = PBXFileReference; fileEncoding = 4; lastKnownFileType = sourcecode.c.c; path = dump.c; sourceTree = "<group>"; };
		809FA67116BFE5B800A465A0 /* error.c */ = {isa = PBXFileReference; fileEncoding = 4; lastKnownFileType = sourcecode.c.c; path = error.c; sourceTree = "<group>"; };
		809FA67216BFE5B800A465A0 /* hashtable.c */ = {isa = PBXFileReference; fileEncoding = 4; lastKnownFileType = sourcecode.c.c; path = hashtable.c; sourceTree = "<group>"; };
		809FA67316BFE5B800A465A0 /* hashtable.h */ = {isa = PBXFileReference; fileEncoding = 4; lastKnownFileType = sourcecode.c.h; path = hashtable.h; sourceTree = "<group>"; };
		809FA67416BFE5B800A465A0 /* jansson.h */ = {isa = PBXFileReference; fileEncoding = 4; lastKnownFileType = sourcecode.c.h; path = jansson.h; sourceTree = "<group>"; };
		809FA67516BFE5B800A465A0 /* jansson_config.h */ = {isa = PBXFileReference; fileEncoding = 4; lastKnownFileType = sourcecode.c.h; path = jansson_config.h; sourceTree = "<group>"; };
		809FA67616BFE5B800A465A0 /* jansson_private.h */ = {isa = PBXFileReference; fileEncoding = 4; lastKnownFileType = sourcecode.c.h; path = jansson_private.h; sourceTree = "<group>"; };
		809FA67716BFE5B800A465A0 /* load.c */ = {isa = PBXFileReference; fileEncoding = 4; lastKnownFileType = sourcecode.c.c; path = load.c; sourceTree = "<group>"; };
		809FA67816BFE5B800A465A0 /* memory.c */ = {isa = PBXFileReference; fileEncoding = 4; lastKnownFileType = sourcecode.c.c; path = memory.c; sourceTree = "<group>"; };
		809FA67916BFE5B800A465A0 /* pack_unpack.c */ = {isa = PBXFileReference; fileEncoding = 4; lastKnownFileType = sourcecode.c.c; path = pack_unpack.c; sourceTree = "<group>"; };
		809FA67A16BFE5B800A465A0 /* strbuffer.c */ = {isa = PBXFileReference; fileEncoding = 4; lastKnownFileType = sourcecode.c.c; path = strbuffer.c; sourceTree = "<group>"; };
		809FA67B16BFE5B800A465A0 /* strbuffer.h */ = {isa = PBXFileReference; fileEncoding = 4; lastKnownFileType = sourcecode.c.h; path = strbuffer.h; sourceTree = "<group>"; };
		809FA67C16BFE5B800A465A0 /* strconv.c */ = {isa = PBXFileReference; fileEncoding = 4; lastKnownFileType = sourcecode.c.c; path = strconv.c; sourceTree = "<group>"; };
		809FA67D16BFE5B800A465A0 /* utf.c */ = {isa = PBXFileReference; fileEncoding = 4; lastKnownFileType = sourcecode.c.c; path = utf.c; sourceTree = "<group>"; };
		809FA67E16BFE5B800A465A0 /* utf.h */ = {isa = PBXFileReference; fileEncoding = 4; lastKnownFileType = sourcecode.c.h; path = utf.h; sourceTree = "<group>"; };
		809FA67F16BFE5B800A465A0 /* value.c */ = {isa = PBXFileReference; fileEncoding = 4; lastKnownFileType = sourcecode.c.c; path = value.c; sourceTree = "<group>"; };
		809FA69A16BFED7A00A465A0 /* bon2json */ = {isa = PBXFileReference; explicitFileType = "compiled.mach-o.executable"; includeInIndex = 0; path = bon2json; sourceTree = BUILT_PRODUCTS_DIR; };
		809FA69C16BFED7A00A465A0 /* bon2json.c */ = {isa = PBXFileReference; lastKnownFileType = sourcecode.c.c; path = bon2json.c; sourceTree = "<group>"; };
		809FA69E16BFED7A00A465A0 /* bon2json.1 */ = {isa = PBXFileReference; lastKnownFileType = text.man; path = bon2json.1; sourceTree = "<group>"; };
		80D9FC97170ED401005DBF0D /* test */ = {isa = PBXFileReference; explicitFileType = "compiled.mach-o.executable"; includeInIndex = 0; path = test; sourceTree = BUILT_PRODUCTS_DIR; };
		80D9FC99170ED401005DBF0D /* test.cpp */ = {isa = PBXFileReference; lastKnownFileType = sourcecode.cpp.cpp; lineEnding = 0; path = test.cpp; sourceTree = "<group>"; xcLanguageSpecificationIdentifier = xcode.lang.cpp; };
		80D9FC9B170ED401005DBF0D /* test.1 */ = {isa = PBXFileReference; lastKnownFileType = text.man; path = test.1; sourceTree = "<group>"; };
		80D9FCA0170ED5A3005DBF0D /* catch.hpp */ = {isa = PBXFileReference; lastKnownFileType = sourcecode.cpp.h; path = catch.hpp; sourceTree = "<group>"; };
		80E9B2F8171046C20095BC59 /* bon_private.h */ = {isa = PBXFileReference; lastKnownFileType = sourcecode.c.h; path = bon_private.h; sourceTree = "<group>"; };
		80F09122171203900000DE29 /* crc32.h */ = {isa = PBXFileReference; lastKnownFileType = sourcecode.c.h; path = crc32.h; sourceTree = "<group>"; };
		80F09125171207840000DE29 /* crc32.c */ = {isa = PBXFileReference; fileEncoding = 4; lastKnownFileType = sourcecode.c.c; path = crc32.c; sourceTree = "<group>"; };
		80F0912E1712C4960000DE29 /* hello.c */ = {isa = PBXFileReference; lastKnownFileType = sourcecode.c.c; path = hello.c; sourceTree = "<group>"; };
		80F091351712C4B20000DE29 /* main.cpp */ = {isa = PBXFileReference; lastKnownFileType = sourcecode.cpp.cpp; path = main.cpp; sourceTree = "<group>"; };
		80F091371712C4B20000DE29 /* hello_bon.1 */ = {isa = PBXFileReference; lastKnownFileType = text.man; path = hello_bon.1; sourceTree = "<group>"; };
		80F091401712DE320000DE29 /* util */ = {isa = PBXFileReference; explicitFileType = "compiled.mach-o.executable"; includeInIndex = 0; path = util; sourceTree = BUILT_PRODUCTS_DIR; };
		80F091421712DE320000DE29 /* util.c */ = {isa = PBXFileReference; lastKnownFileType = sourcecode.c.c; path = util.c; sourceTree = "<group>"; };
		80F091441712DE320000DE29 /* util.1 */ = {isa = PBXFileReference; lastKnownFileType = text.man; path = util.1; sourceTree = "<group>"; };
		80F091521712DFC40000DE29 /* libbon.a */ = {isa = PBXFileReference; explicitFileType = archive.ar; includeInIndex = 0; path = libbon.a; sourceTree = BUILT_PRODUCTS_DIR; };
/* End PBXFileReference section */

/* Begin PBXFrameworksBuildPhase section */
		809FA65E16BFE33D00A465A0 /* Frameworks */ = {
			isa = PBXFrameworksBuildPhase;
			buildActionMask = 2147483647;
			files = (
			);
			runOnlyForDeploymentPostprocessing = 0;
		};
		809FA69716BFED7A00A465A0 /* Frameworks */ = {
			isa = PBXFrameworksBuildPhase;
			buildActionMask = 2147483647;
			files = (
			);
			runOnlyForDeploymentPostprocessing = 0;
		};
		80D9FC94170ED401005DBF0D /* Frameworks */ = {
			isa = PBXFrameworksBuildPhase;
			buildActionMask = 2147483647;
			files = (
			);
			runOnlyForDeploymentPostprocessing = 0;
		};
		80F0913D1712DE320000DE29 /* Frameworks */ = {
			isa = PBXFrameworksBuildPhase;
			buildActionMask = 2147483647;
			files = (
			);
			runOnlyForDeploymentPostprocessing = 0;
		};
		80F0914F1712DFC40000DE29 /* Frameworks */ = {
			isa = PBXFrameworksBuildPhase;
			buildActionMask = 2147483647;
			files = (
			);
			runOnlyForDeploymentPostprocessing = 0;
		};
/* End PBXFrameworksBuildPhase section */

/* Begin PBXGroup section */
		8067429216BB36970029D4E1 = {
			isa = PBXGroup;
			children = (
				80F0912D1712C4960000DE29 /* examples */,
				809FA66F16BFE5B800A465A0 /* jansson */,
				8067429D16BB36970029D4E1 /* BON */,
				809FA66216BFE33D00A465A0 /* json2bon */,
				809FA69B16BFED7A00A465A0 /* bon2json */,
				80D9FC98170ED401005DBF0D /* test */,
				80F091341712C4B20000DE29 /* hello.bon */,
				80F091411712DE320000DE29 /* util */,
				8067429C16BB36970029D4E1 /* Products */,
			);
			sourceTree = "<group>";
		};
		8067429C16BB36970029D4E1 /* Products */ = {
			isa = PBXGroup;
			children = (
				809FA66116BFE33D00A465A0 /* json2bon */,
				809FA69A16BFED7A00A465A0 /* bon2json */,
				80D9FC97170ED401005DBF0D /* test */,
				80F091401712DE320000DE29 /* util */,
				80F091521712DFC40000DE29 /* libbon.a */,
			);
			name = Products;
			sourceTree = "<group>";
		};
		8067429D16BB36970029D4E1 /* BON */ = {
			isa = PBXGroup;
			children = (
				806742A016BB36970029D4E1 /* BON.1 */,
				806742A816BB7C8A0029D4E1 /* bon.c */,
				806742A716BB36A70029D4E1 /* bon.h */,
				80E9B2F8171046C20095BC59 /* bon_private.h */,
				8096DDC6171185F400F0BFCA /* read.c */,
				8096DDC7171185F400F0BFCA /* type.c */,
				8096DDC8171185F400F0BFCA /* write.c */,
				80F09122171203900000DE29 /* crc32.h */,
				80F09125171207840000DE29 /* crc32.c */,
			);
			path = BON;
			sourceTree = "<group>";
		};
		809FA66216BFE33D00A465A0 /* json2bon */ = {
			isa = PBXGroup;
			children = (
				80073EFA16E94EEA007518B0 /* json2bon.c */,
				809FA66516BFE33D00A465A0 /* json2bon.1 */,
			);
			path = json2bon;
			sourceTree = "<group>";
		};
		809FA66F16BFE5B800A465A0 /* jansson */ = {
			isa = PBXGroup;
			children = (
				809FA67016BFE5B800A465A0 /* dump.c */,
				809FA67116BFE5B800A465A0 /* error.c */,
				809FA67216BFE5B800A465A0 /* hashtable.c */,
				809FA67316BFE5B800A465A0 /* hashtable.h */,
				809FA67416BFE5B800A465A0 /* jansson.h */,
				809FA67516BFE5B800A465A0 /* jansson_config.h */,
				809FA67616BFE5B800A465A0 /* jansson_private.h */,
				809FA67716BFE5B800A465A0 /* load.c */,
				809FA67816BFE5B800A465A0 /* memory.c */,
				809FA67916BFE5B800A465A0 /* pack_unpack.c */,
				809FA67A16BFE5B800A465A0 /* strbuffer.c */,
				809FA67B16BFE5B800A465A0 /* strbuffer.h */,
				809FA67C16BFE5B800A465A0 /* strconv.c */,
				809FA67D16BFE5B800A465A0 /* utf.c */,
				809FA67E16BFE5B800A465A0 /* utf.h */,
				809FA67F16BFE5B800A465A0 /* value.c */,
			);
			path = jansson;
			sourceTree = "<group>";
		};
		809FA69B16BFED7A00A465A0 /* bon2json */ = {
			isa = PBXGroup;
			children = (
				809FA69C16BFED7A00A465A0 /* bon2json.c */,
				809FA69E16BFED7A00A465A0 /* bon2json.1 */,
			);
			path = bon2json;
			sourceTree = "<group>";
		};
		80D9FC98170ED401005DBF0D /* test */ = {
			isa = PBXGroup;
			children = (
				80D9FCA0170ED5A3005DBF0D /* catch.hpp */,
				80D9FC99170ED401005DBF0D /* test.cpp */,
				80D9FC9B170ED401005DBF0D /* test.1 */,
			);
			path = test;
			sourceTree = "<group>";
		};
		80F0912D1712C4960000DE29 /* examples */ = {
			isa = PBXGroup;
			children = (
				80F0912E1712C4960000DE29 /* hello.c */,
			);
			path = examples;
			sourceTree = "<group>";
		};
		80F091341712C4B20000DE29 /* hello.bon */ = {
			isa = PBXGroup;
			children = (
				80F091351712C4B20000DE29 /* main.cpp */,
				80F091371712C4B20000DE29 /* hello_bon.1 */,
			);
			path = hello.bon;
			sourceTree = "<group>";
		};
		80F091411712DE320000DE29 /* util */ = {
			isa = PBXGroup;
			children = (
				80F091421712DE320000DE29 /* util.c */,
				80F091441712DE320000DE29 /* util.1 */,
			);
			path = util;
			sourceTree = "<group>";
		};
/* End PBXGroup section */

/* Begin PBXHeadersBuildPhase section */
		80F091501712DFC40000DE29 /* Headers */ = {
			isa = PBXHeadersBuildPhase;
			buildActionMask = 2147483647;
			files = (
			);
			runOnlyForDeploymentPostprocessing = 0;
		};
/* End PBXHeadersBuildPhase section */

/* Begin PBXNativeTarget section */
		809FA66016BFE33D00A465A0 /* json2bon */ = {
			isa = PBXNativeTarget;
			buildConfigurationList = 809FA66716BFE33D00A465A0 /* Build configuration list for PBXNativeTarget "json2bon" */;
			buildPhases = (
				809FA65D16BFE33D00A465A0 /* Sources */,
				809FA65E16BFE33D00A465A0 /* Frameworks */,
				809FA65F16BFE33D00A465A0 /* CopyFiles */,
			);
			buildRules = (
			);
			dependencies = (
			);
			name = json2bon;
			productName = json2bon;
			productReference = 809FA66116BFE33D00A465A0 /* json2bon */;
			productType = "com.apple.product-type.tool";
		};
		809FA69916BFED7A00A465A0 /* bon2json */ = {
			isa = PBXNativeTarget;
			buildConfigurationList = 809FA6A016BFED7A00A465A0 /* Build configuration list for PBXNativeTarget "bon2json" */;
			buildPhases = (
				809FA69616BFED7A00A465A0 /* Sources */,
				809FA69716BFED7A00A465A0 /* Frameworks */,
				809FA69816BFED7A00A465A0 /* CopyFiles */,
			);
			buildRules = (
			);
			dependencies = (
			);
			name = bon2json;
			productName = bon2json;
			productReference = 809FA69A16BFED7A00A465A0 /* bon2json */;
			productType = "com.apple.product-type.tool";
		};
		80D9FC96170ED401005DBF0D /* test */ = {
			isa = PBXNativeTarget;
			buildConfigurationList = 80D9FC9F170ED401005DBF0D /* Build configuration list for PBXNativeTarget "test" */;
			buildPhases = (
				80D9FC93170ED401005DBF0D /* Sources */,
				80D9FC94170ED401005DBF0D /* Frameworks */,
				80D9FC95170ED401005DBF0D /* CopyFiles */,
			);
			buildRules = (
			);
			dependencies = (
			);
			name = test;
			productName = test;
			productReference = 80D9FC97170ED401005DBF0D /* test */;
			productType = "com.apple.product-type.tool";
		};
		80F0913F1712DE320000DE29 /* util */ = {
			isa = PBXNativeTarget;
			buildConfigurationList = 80F091461712DE320000DE29 /* Build configuration list for PBXNativeTarget "util" */;
			buildPhases = (
				80F0913C1712DE320000DE29 /* Sources */,
				80F0913D1712DE320000DE29 /* Frameworks */,
				80F0913E1712DE320000DE29 /* CopyFiles */,
			);
			buildRules = (
			);
			dependencies = (
			);
			name = util;
			productName = util;
			productReference = 80F091401712DE320000DE29 /* util */;
			productType = "com.apple.product-type.tool";
		};
		80F091511712DFC40000DE29 /* bon */ = {
			isa = PBXNativeTarget;
			buildConfigurationList = 80F091531712DFC40000DE29 /* Build configuration list for PBXNativeTarget "bon" */;
			buildPhases = (
				80F0914E1712DFC40000DE29 /* Sources */,
				80F0914F1712DFC40000DE29 /* Frameworks */,
				80F091501712DFC40000DE29 /* Headers */,
			);
			buildRules = (
			);
			dependencies = (
			);
			name = bon;
			productName = bon;
			productReference = 80F091521712DFC40000DE29 /* libbon.a */;
			productType = "com.apple.product-type.library.static";
		};
/* End PBXNativeTarget section */

/* Begin PBXProject section */
		8067429316BB36970029D4E1 /* Project object */ = {
			isa = PBXProject;
			attributes = {
				LastUpgradeCheck = 0460;
				ORGANIZATIONNAME = "Emil Ernerfeldt";
			};
			buildConfigurationList = 8067429616BB36970029D4E1 /* Build configuration list for PBXProject "BON" */;
			compatibilityVersion = "Xcode 3.2";
			developmentRegion = English;
			hasScannedForEncodings = 0;
			knownRegions = (
				en,
			);
			mainGroup = 8067429216BB36970029D4E1;
			productRefGroup = 8067429C16BB36970029D4E1 /* Products */;
			projectDirPath = "";
			projectRoot = "";
			targets = (
				809FA66016BFE33D00A465A0 /* json2bon */,
				809FA69916BFED7A00A465A0 /* bon2json */,
				80D9FC96170ED401005DBF0D /* test */,
				80F0913F1712DE320000DE29 /* util */,
				80F091511712DFC40000DE29 /* bon */,
			);
		};
/* End PBXProject section */

/* Begin PBXSourcesBuildPhase section */
		809FA65D16BFE33D00A465A0 /* Sources */ = {
			isa = PBXSourcesBuildPhase;
			buildActionMask = 2147483647;
			files = (
				809FA68116BFE5B800A465A0 /* dump.c in Sources */,
				809FA68316BFE5B800A465A0 /* error.c in Sources */,
				809FA68516BFE5B800A465A0 /* hashtable.c in Sources */,
				809FA68716BFE5B800A465A0 /* load.c in Sources */,
				809FA68916BFE5B800A465A0 /* memory.c in Sources */,
				809FA68B16BFE5B800A465A0 /* pack_unpack.c in Sources */,
				809FA68D16BFE5B800A465A0 /* strbuffer.c in Sources */,
				809FA68F16BFE5B800A465A0 /* strconv.c in Sources */,
				809FA69116BFE5B800A465A0 /* utf.c in Sources */,
				809FA69316BFE5B800A465A0 /* value.c in Sources */,
				809FA69516BFEB4F00A465A0 /* bon.c in Sources */,
				80073EFB16E94EEA007518B0 /* json2bon.c in Sources */,
				8096DDCA171185F400F0BFCA /* read.c in Sources */,
				8096DDCE171185F400F0BFCA /* type.c in Sources */,
				8096DDD2171185F400F0BFCA /* write.c in Sources */,
				80F09127171207840000DE29 /* crc32.c in Sources */,
			);
			runOnlyForDeploymentPostprocessing = 0;
		};
		809FA69616BFED7A00A465A0 /* Sources */ = {
			isa = PBXSourcesBuildPhase;
			buildActionMask = 2147483647;
			files = (
				809FA6A316BFF82500A465A0 /* dump.c in Sources */,
				809FA6A416BFF82500A465A0 /* error.c in Sources */,
				809FA6A516BFF82500A465A0 /* hashtable.c in Sources */,
				809FA6A616BFF82500A465A0 /* load.c in Sources */,
				809FA6A716BFF82500A465A0 /* memory.c in Sources */,
				809FA6A816BFF82500A465A0 /* pack_unpack.c in Sources */,
				809FA6A916BFF82500A465A0 /* strbuffer.c in Sources */,
				809FA6AA16BFF82500A465A0 /* strconv.c in Sources */,
				809FA6AB16BFF82500A465A0 /* utf.c in Sources */,
				809FA6AC16BFF82500A465A0 /* value.c in Sources */,
				809FA6AD16BFF82900A465A0 /* bon.c in Sources */,
				809FA69D16BFED7A00A465A0 /* bon2json.c in Sources */,
				8096DDCB171185F400F0BFCA /* read.c in Sources */,
				8096DDCF171185F400F0BFCA /* type.c in Sources */,
				8096DDD3171185F400F0BFCA /* write.c in Sources */,
				80F09128171207840000DE29 /* crc32.c in Sources */,
			);
			runOnlyForDeploymentPostprocessing = 0;
		};
		80D9FC93170ED401005DBF0D /* Sources */ = {
			isa = PBXSourcesBuildPhase;
			buildActionMask = 2147483647;
			files = (
				80D9FC9A170ED401005DBF0D /* test.cpp in Sources */,
				80D9FCA1170ED914005DBF0D /* bon.c in Sources */,
				8096DDCC171185F400F0BFCA /* read.c in Sources */,
				8096DDD0171185F400F0BFCA /* type.c in Sources */,
				8096DDD4171185F400F0BFCA /* write.c in Sources */,
				80F09129171207840000DE29 /* crc32.c in Sources */,
			);
			runOnlyForDeploymentPostprocessing = 0;
		};
		80F0913C1712DE320000DE29 /* Sources */ = {
			isa = PBXSourcesBuildPhase;
			buildActionMask = 2147483647;
			files = (
				80F091431712DE320000DE29 /* util.c in Sources */,
				80F091491712DE780000DE29 /* bon.c in Sources */,
				80F0914B1712DE7C0000DE29 /* type.c in Sources */,
				80F0914C1712DE7E0000DE29 /* write.c in Sources */,
				80F0914D1712DE800000DE29 /* crc32.c in Sources */,
				80F0914A1712DE7A0000DE29 /* read.c in Sources */,
			);
			runOnlyForDeploymentPostprocessing = 0;
		};
		80F0914E1712DFC40000DE29 /* Sources */ = {
			isa = PBXSourcesBuildPhase;
			buildActionMask = 2147483647;
			files = (
				80F091561712DFD30000DE29 /* bon.c in Sources */,
				80F091571712DFD30000DE29 /* read.c in Sources */,
				80F091581712DFD30000DE29 /* type.c in Sources */,
				80F091591712DFD30000DE29 /* write.c in Sources */,
				80F0915A1712DFD30000DE29 /* crc32.c in Sources */,
			);
			runOnlyForDeploymentPostprocessing = 0;
		};
/* End PBXSourcesBuildPhase section */

/* Begin XCBuildConfiguration section */
		806742A216BB36970029D4E1 /* Debug */ = {
			isa = XCBuildConfiguration;
			buildSettings = {
				ALWAYS_SEARCH_USER_PATHS = NO;
				ARCHS = "$(ARCHS_STANDARD_64_BIT)";
				CLANG_CXX_LANGUAGE_STANDARD = "gnu++0x";
				CLANG_CXX_LIBRARY = "libc++";
				CLANG_ENABLE_OBJC_ARC = YES;
				CLANG_WARN_CONSTANT_CONVERSION = YES;
				CLANG_WARN_EMPTY_BODY = YES;
				CLANG_WARN_ENUM_CONVERSION = YES;
				CLANG_WARN_IMPLICIT_SIGN_CONVERSION = YES;
				CLANG_WARN_INT_CONVERSION = YES;
				CLANG_WARN_SUSPICIOUS_IMPLICIT_CONVERSION = YES;
				CLANG_WARN__DUPLICATE_METHOD_MATCH = YES;
				COPY_PHASE_STRIP = NO;
				GCC_C_LANGUAGE_STANDARD = gnu99;
				GCC_DYNAMIC_NO_PIC = NO;
				GCC_ENABLE_OBJC_EXCEPTIONS = YES;
				GCC_OPTIMIZATION_LEVEL = 0;
				GCC_PREPROCESSOR_DEFINITIONS = (
					"DEBUG=1",
					"$(inherited)",
				);
				GCC_SYMBOLS_PRIVATE_EXTERN = NO;
				GCC_TREAT_INCOMPATIBLE_POINTER_TYPE_WARNINGS_AS_ERRORS = YES;
				GCC_WARN_64_TO_32_BIT_CONVERSION = YES;
				GCC_WARN_ABOUT_MISSING_FIELD_INITIALIZERS = YES;
				GCC_WARN_ABOUT_MISSING_NEWLINE = YES;
				GCC_WARN_ABOUT_MISSING_PROTOTYPES = NO;
				GCC_WARN_ABOUT_RETURN_TYPE = YES;
				GCC_WARN_INITIALIZER_NOT_FULLY_BRACKETED = YES;
				GCC_WARN_PEDANTIC = YES;
				GCC_WARN_SHADOW = YES;
				GCC_WARN_SIGN_COMPARE = YES;
				GCC_WARN_UNINITIALIZED_AUTOS = YES;
				GCC_WARN_UNUSED_PARAMETER = YES;
				GCC_WARN_UNUSED_VARIABLE = YES;
				HEADER_SEARCH_PATHS = /opt/local/include/;
				LIBRARY_SEARCH_PATHS = /opt/local/lib/;
				MACOSX_DEPLOYMENT_TARGET = 10.8;
				ONLY_ACTIVE_ARCH = YES;
				OTHER_CFLAGS = (
					"-Wall",
					"-Wextra",
				);
				SDKROOT = macosx;
				WARNING_CFLAGS = (
					"-Wall",
					"-Wextra",
				);
			};
			name = Debug;
		};
		806742A316BB36970029D4E1 /* Release */ = {
			isa = XCBuildConfiguration;
			buildSettings = {
				ALWAYS_SEARCH_USER_PATHS = NO;
				ARCHS = "$(ARCHS_STANDARD_64_BIT)";
				CLANG_CXX_LANGUAGE_STANDARD = "gnu++0x";
				CLANG_CXX_LIBRARY = "libc++";
				CLANG_ENABLE_OBJC_ARC = YES;
				CLANG_WARN_CONSTANT_CONVERSION = YES;
				CLANG_WARN_EMPTY_BODY = YES;
				CLANG_WARN_ENUM_CONVERSION = YES;
				CLANG_WARN_IMPLICIT_SIGN_CONVERSION = YES;
				CLANG_WARN_INT_CONVERSION = YES;
				CLANG_WARN_SUSPICIOUS_IMPLICIT_CONVERSION = YES;
				CLANG_WARN__DUPLICATE_METHOD_MATCH = YES;
				COPY_PHASE_STRIP = YES;
				DEBUG_INFORMATION_FORMAT = "dwarf-with-dsym";
				GCC_C_LANGUAGE_STANDARD = gnu99;
				GCC_ENABLE_OBJC_EXCEPTIONS = YES;
				GCC_TREAT_INCOMPATIBLE_POINTER_TYPE_WARNINGS_AS_ERRORS = YES;
				GCC_WARN_64_TO_32_BIT_CONVERSION = YES;
				GCC_WARN_ABOUT_MISSING_FIELD_INITIALIZERS = YES;
				GCC_WARN_ABOUT_MISSING_NEWLINE = YES;
				GCC_WARN_ABOUT_MISSING_PROTOTYPES = NO;
				GCC_WARN_ABOUT_RETURN_TYPE = YES;
				GCC_WARN_INITIALIZER_NOT_FULLY_BRACKETED = YES;
				GCC_WARN_PEDANTIC = YES;
				GCC_WARN_SHADOW = YES;
				GCC_WARN_SIGN_COMPARE = YES;
				GCC_WARN_UNINITIALIZED_AUTOS = YES;
				GCC_WARN_UNUSED_PARAMETER = YES;
				GCC_WARN_UNUSED_VARIABLE = YES;
				HEADER_SEARCH_PATHS = /opt/local/include/;
				LIBRARY_SEARCH_PATHS = /opt/local/lib/;
				MACOSX_DEPLOYMENT_TARGET = 10.8;
				OTHER_CFLAGS = (
					"-Wall",
					"-Wextra",
				);
				SDKROOT = macosx;
				WARNING_CFLAGS = (
					"-Wall",
					"-Wextra",
				);
			};
			name = Release;
		};
		809FA66816BFE33D00A465A0 /* Debug */ = {
			isa = XCBuildConfiguration;
			buildSettings = {
				PRODUCT_NAME = "$(TARGET_NAME)";
			};
			name = Debug;
		};
		809FA66916BFE33D00A465A0 /* Release */ = {
			isa = XCBuildConfiguration;
			buildSettings = {
				PRODUCT_NAME = "$(TARGET_NAME)";
			};
			name = Release;
		};
		809FA6A116BFED7A00A465A0 /* Debug */ = {
			isa = XCBuildConfiguration;
			buildSettings = {
				PRODUCT_NAME = "$(TARGET_NAME)";
			};
			name = Debug;
		};
		809FA6A216BFED7A00A465A0 /* Release */ = {
			isa = XCBuildConfiguration;
			buildSettings = {
				PRODUCT_NAME = "$(TARGET_NAME)";
			};
			name = Release;
		};
		80D9FC9D170ED401005DBF0D /* Debug */ = {
			isa = XCBuildConfiguration;
			buildSettings = {
				OTHER_LDFLAGS = "-lmsgpack";
				PRODUCT_NAME = "$(TARGET_NAME)";
			};
			name = Debug;
		};
		80D9FC9E170ED401005DBF0D /* Release */ = {
			isa = XCBuildConfiguration;
			buildSettings = {
				OTHER_LDFLAGS = "-lmsgpack";
				PRODUCT_NAME = "$(TARGET_NAME)";
			};
			name = Release;
		};
		80F091471712DE320000DE29 /* Debug */ = {
			isa = XCBuildConfiguration;
			buildSettings = {
				PRODUCT_NAME = "$(TARGET_NAME)";
			};
			name = Debug;
		};
		80F091481712DE320000DE29 /* Release */ = {
			isa = XCBuildConfiguration;
			buildSettings = {
				PRODUCT_NAME = "$(TARGET_NAME)";
			};
			name = Release;
		};
		80F091541712DFC40000DE29 /* Debug */ = {
			isa = XCBuildConfiguration;
			buildSettings = {
				EXECUTABLE_PREFIX = lib;
				PRODUCT_NAME = "$(TARGET_NAME)";
			};
			name = Debug;
		};
		80F091551712DFC40000DE29 /* Release */ = {
			isa = XCBuildConfiguration;
			buildSettings = {
				EXECUTABLE_PREFIX = lib;
				PRODUCT_NAME = "$(TARGET_NAME)";
			};
			name = Release;
		};
/* End XCBuildConfiguration section */

/* Begin XCConfigurationList section */
		8067429616BB36970029D4E1 /* Build configuration list for PBXProject "BON" */ = {
			isa = XCConfigurationList;
			buildConfigurations = (
				806742A216BB36970029D4E1 /* Debug */,
				806742A316BB36970029D4E1 /* Release */,
			);
			defaultConfigurationIsVisible = 0;
			defaultConfigurationName = Release;
		};
		809FA66716BFE33D00A465A0 /* Build configuration list for PBXNativeTarget "json2bon" */ = {
			isa = XCConfigurationList;
			buildConfigurations = (
				809FA66816BFE33D00A465A0 /* Debug */,
				809FA66916BFE33D00A465A0 /* Release */,
			);
			defaultConfigurationIsVisible = 0;
			defaultConfigurationName = Release;
		};
		809FA6A016BFED7A00A465A0 /* Build configuration list for PBXNativeTarget "bon2json" */ = {
			isa = XCConfigurationList;
			buildConfigurations = (
				809FA6A116BFED7A00A465A0 /* Debug */,
				809FA6A216BFED7A00A465A0 /* Release */,
			);
			defaultConfigurationIsVisible = 0;
			defaultConfigurationName = Release;
		};
		80D9FC9F170ED401005DBF0D /* Build configuration list for PBXNativeTarget "test" */ = {
			isa = XCConfigurationList;
			buildConfigurations = (
				80D9FC9D170ED401005DBF0D /* Debug */,
				80D9FC9E170ED401005DBF0D /* Release */,
			);
			defaultConfigurationIsVisible = 0;
			defaultConfigurationName = Release;
		};
		80F091461712DE320000DE29 /* Build configuration list for PBXNativeTarget "util" */ = {
			isa = XCConfigurationList;
			buildConfigurations = (
				80F091471712DE320000DE29 /* Debug */,
				80F091481712DE320000DE29 /* Release */,
			);
			defaultConfigurationIsVisible = 0;
			defaultConfigurationName = Release;
		};
		80F091531712DFC40000DE29 /* Build configuration list for PBXNativeTarget "bon" */ = {
			isa = XCConfigurationList;
			buildConfigurations = (
				80F091541712DFC40000DE29 /* Debug */,
				80F091551712DFC40000DE29 /* Release */,
			);
			defaultConfigurationIsVisible = 0;
			defaultConfigurationName = Release;
		};
/* End XCConfigurationList section */
	};
	rootObject = 8067429316BB36970029D4E1 /* Project object */;
}
